{
  "name": "node-lirc-isaax-example",
  "version": "0.1.0",
  "lockfileVersion": 1,
  "requires": true,
  "dependencies": {
    "lirc_node": {
      "version": "0.0.4",
      "resolved": "https://registry.npmjs.org/lirc_node/-/lirc_node-0.0.4.tgz",
      "integrity": "sha1-+GpRZE2hIMj5L0rhUZxVspWmp4c="
    }
  }
}
